<?xml version="1.0" encoding="utf-8"?>
<Project ToolsVersion="4.0" xmlns:atg="http://atg.xbox.com" xmlns="http://schemas.microsoft.com/developer/msbuild/2003">
  <ItemGroup>
    <Filter Include="Resource Files">
      <UniqueIdentifier>{8e114980-c1a3-4ada-ad7c-83caadf5daeb}</UniqueIdentifier>
      <Extensions>rc;ico;cur;bmp;dlg;rc2;rct;bin;rgs;gif;jpg;jpeg;jpe</Extensions>
    </Filter>
    <Filter Include="Shaders">
      <UniqueIdentifier>{2c3d4c8c-5d1a-459a-a05a-a4e4b608a44e}</UniqueIdentifier>
      <Extensions>fx;fxh;hlsl</Extensions>
    </Filter>
    <Filter Include="boilerplate">
      <UniqueIdentifier>{b8b29063-fd01-48ff-8779-c7494b9387c6}</UniqueIdentifier>
    </Filter>
    <Filter Include="boilerplate\entity">
      <UniqueIdentifier>{556f3e13-216d-448d-9b3d-0d6ffdebc329}</UniqueIdentifier>
    </Filter>
    <Filter Include="boilerplate\entity\shape">
      <UniqueIdentifier>{bee95eac-ea57-403e-bff3-568b5e87f236}</UniqueIdentifier>
    </Filter>
    <Filter Include="boilerplate\render">
      <UniqueIdentifier>{03626652-95a8-4226-acad-123ff012f4bc}</UniqueIdentifier>
    </Filter>
    <Filter Include="boilerplate\window">
      <UniqueIdentifier>{66c3323c-ca58-43df-9d89-92131e466582}</UniqueIdentifier>
    </Filter>
  </ItemGroup>
  <ItemGroup>
    <ClCompile Include="fcolor.cpp">
      <Filter>boilerplate\render</Filter>
    </ClCompile>
    <ClCompile Include="App.cpp" />
    <ClCompile Include="cycloid.cpp">
      <Filter>boilerplate\entity\shape</Filter>
    </ClCompile>
    <ClCompile Include="quad.cpp">
      <Filter>boilerplate\entity\shape</Filter>
    </ClCompile>
    <ClCompile Include="shape.cpp">
      <Filter>boilerplate\entity\shape</Filter>
    </ClCompile>
    <ClCompile Include="heart.cpp">
      <Filter>boilerplate\entity</Filter>
    </ClCompile>
    <ClCompile Include="tree.cpp">
      <Filter>boilerplate\entity</Filter>
    </ClCompile>
    <ClCompile Include="App.cpp" />
    <ClCompile Include="tree.cpp" />
    <ClCompile Include="window.cpp">
      <Filter>boilerplate\window</Filter>
    </ClCompile>
  </ItemGroup>
  <ItemGroup>
    <None Include="App.fx">
      <Filter>Shaders</Filter>
    </None>
  </ItemGroup>
  <ItemGroup>
    <CLInclude Include="resource.h">
      <Filter>Resource Files</Filter>
    </CLInclude>
    <ClInclude Include="fcolor.h">
      <Filter>boilerplate\render</Filter>
    </ClInclude>
    <ClInclude Include="constant_buffer.h">
      <Filter>boilerplate\render</Filter>
    </ClInclude>
    <ClInclude Include="simple_vertex.h">
      <Filter>boilerplate\render</Filter>
    </ClInclude>
    <ClInclude Include="entity.h">
      <Filter>boilerplate\entity</Filter>
    </ClInclude>
    <ClInclude Include="shape.h">
      <Filter>boilerplate\entity\shape</Filter>
    </ClInclude>
    <ClInclude Include="cycloid.h">
      <Filter>boilerplate\entity\shape</Filter>
    </ClInclude>
    <ClInclude Include="quad.h">
      <Filter>boilerplate\entity\shape</Filter>
    </ClInclude>
    <ClInclude Include="heart.h">
      <Filter>boilerplate\entity</Filter>
    </ClInclude>
    <ClInclude Include="tree.h">
      <Filter>boilerplate\entity</Filter>
    </ClInclude>
    <ClInclude Include="window.h">
      <Filter>boilerplate\window</Filter>
    </ClInclude>
  </ItemGroup>
  <ItemGroup>
  </ItemGroup>
</Project>