<?xml version="1.0" encoding="utf-8"?>
<Project ToolsVersion="4.0" xmlns:atg="http://atg.xbox.com" xmlns="http://schemas.microsoft.com/developer/msbuild/2003">
  <ItemGroup>
    <Filter Include="Resource Files">
      <UniqueIdentifier>{8e114980-c1a3-4ada-ad7c-83caadf5daeb}</UniqueIdentifier>
      <Extensions>rc;ico;cur;bmp;dlg;rc2;rct;bin;rgs;gif;jpg;jpeg;jpe</Extensions>
    </Filter>
    <Filter Include="Shaders">
      <UniqueIdentifier>{2c3d4c8c-5d1a-459a-a05a-a4e4b608a44e}</UniqueIdentifier>
      <Extensions>fx;fxh;hlsl</Extensions>
    </Filter>
    <Filter Include="framework">
      <UniqueIdentifier>{b8b29063-fd01-48ff-8779-c7494b9387c6}</UniqueIdentifier>
    </Filter>
    <Filter Include="framework\entity">
      <UniqueIdentifier>{556f3e13-216d-448d-9b3d-0d6ffdebc329}</UniqueIdentifier>
    </Filter>
    <Filter Include="framework\entity\shape">
      <UniqueIdentifier>{bee95eac-ea57-403e-bff3-568b5e87f236}</UniqueIdentifier>
    </Filter>
    <Filter Include="framework\entity\tree">
      <UniqueIdentifier>{f27db2ea-ae2e-4292-ab90-fb66d424c69e}</UniqueIdentifier>
    </Filter>
    <Filter Include="framework\render">
      <UniqueIdentifier>{03626652-95a8-4226-acad-123ff012f4bc}</UniqueIdentifier>
    </Filter>
    <Filter Include="framework\window">
      <UniqueIdentifier>{66c3323c-ca58-43df-9d89-92131e466582}</UniqueIdentifier>
    </Filter>
    <Filter Include="framework\window\event">
      <UniqueIdentifier>{44e522f8-c745-4c7d-9743-d04390d1c766}</UniqueIdentifier>
    </Filter>
    <Filter Include="framework\entity\car">
      <UniqueIdentifier>{74bc80d0-8108-4026-8758-fb1142ab0ec6}</UniqueIdentifier>
    </Filter>
  </ItemGroup>
  <ItemGroup>
    <ClCompile Include="fcolor.cpp">
      <Filter>framework\render</Filter>
    </ClCompile>
    <ClCompile Include="App.cpp" />
    <ClCompile Include="cycloid.cpp">
      <Filter>framework\entity\shape</Filter>
    </ClCompile>
    <ClCompile Include="quad.cpp">
      <Filter>framework\entity\shape</Filter>
    </ClCompile>
    <ClCompile Include="shape.cpp">
      <Filter>framework\entity\shape</Filter>
    </ClCompile>
    <ClCompile Include="heart.cpp">
      <Filter>framework\entity</Filter>
    </ClCompile>
    <ClCompile Include="App.cpp" />
    <ClCompile Include="window.cpp">
      <Filter>framework\window</Filter>
    </ClCompile>
    <ClCompile Include="tree.cpp">
      <Filter>framework\entity\tree</Filter>
    </ClCompile>
    <ClCompile Include="flower.cpp">
      <Filter>framework\entity\tree</Filter>
    </ClCompile>
    <ClCompile Include="bush.cpp">
      <Filter>framework\entity\tree</Filter>
    </ClCompile>
    <ClCompile Include="tree.cpp">
      <Filter>boilerplate\entity\tree</Filter>
    </ClCompile>
    <ClCompile Include="event.cpp">
      <Filter>framework\window\event</Filter>
    </ClCompile>
    <ClCompile Include="wheel.cpp">
      <Filter>framework\entity\car</Filter>
    </ClCompile>
    <ClCompile Include="car.cpp">
      <Filter>framework\entity\car</Filter>
    </ClCompile>
    <ClCompile Include="suspension.cpp">
      <Filter>framework\entity\car</Filter>
    </ClCompile>
  </ItemGroup>
  <ItemGroup>
    <None Include="App.fx">
      <Filter>Shaders</Filter>
    </None>
  </ItemGroup>
  <ItemGroup>
    <CLInclude Include="resource.h">
      <Filter>Resource Files</Filter>
    </CLInclude>
    <ClInclude Include="fcolor.h">
      <Filter>framework\render</Filter>
    </ClInclude>
    <ClInclude Include="constant_buffer.h">
      <Filter>framework\render</Filter>
    </ClInclude>
    <ClInclude Include="simple_vertex.h">
      <Filter>framework\render</Filter>
    </ClInclude>
    <ClInclude Include="entity.h">
      <Filter>framework\entity</Filter>
    </ClInclude>
    <ClInclude Include="shape.h">
      <Filter>framework\entity\shape</Filter>
    </ClInclude>
    <ClInclude Include="cycloid.h">
      <Filter>framework\entity\shape</Filter>
    </ClInclude>
    <ClInclude Include="quad.h">
      <Filter>framework\entity\shape</Filter>
    </ClInclude>
    <ClInclude Include="heart.h">
      <Filter>framework\entity</Filter>
    </ClInclude>
    <ClInclude Include="window.h">
      <Filter>framework\window</Filter>
    </ClInclude>
    <ClInclude Include="tree.h">
      <Filter>framework\entity\tree</Filter>
    </ClInclude>
    <ClInclude Include="flower.h">
      <Filter>framework\entity\tree</Filter>
    </ClInclude>
    <ClInclude Include="bush.h">
      <Filter>framework\entity\tree</Filter>
    </ClInclude>
    <ClInclude Include="event.h">
      <Filter>framework\window\event</Filter>
    </ClInclude>
    <ClInclude Include="wheel.h">
      <Filter>framework\entity\car</Filter>
    </ClInclude>
    <ClInclude Include="car.h">
      <Filter>framework\entity\car</Filter>
    </ClInclude>
    <ClInclude Include="suspension.h">
      <Filter>framework\entity\car</Filter>
    </ClInclude>
  </ItemGroup>
  <ItemGroup>
  </ItemGroup>
</Project>